
Microsoft Visual Studio Solution File, Format Version 12.00
# Visual Studio Version 16
VisualStudioVersion = 16.0.34114.132
MinimumVisualStudioVersion = 10.0.40219.1
Project("{FAE04EC0-301F-11D3-BF4B-00C04F79EFBC}") = "4A", "4A\4A.csproj", "{8353FE1D-687D-4E22-ACEC-3AD757E1E71D}"
EndProject
Global
	GlobalSection(SolutionConfigurationPlatforms) = preSolution
		Debug|Any CPU = Debug|Any CPU
		Release|Any CPU = Release|Any CPU
	EndGlobalSection
	GlobalSection(ProjectConfigurationPlatforms) = postSolution
		{8353FE1D-687D-4E22-ACEC-3AD757E1E71D}.Debug|Any CPU.ActiveCfg = Debug|Any CPU
		{8353FE1D-687D-4E22-ACEC-3AD757E1E71D}.Debug|Any CPU.Build.0 = Debug|Any CPU
		{8353FE1D-687D-4E22-ACEC-3AD757E1E71D}.Release|Any CPU.ActiveCfg = Release|Any CPU
		{8353FE1D-687D-4E22-ACEC-3AD757E1E71D}.Release|Any CPU.Build.0 = Release|Any CPU
	EndGlobalSection
	GlobalSection(SolutionProperties) = preSolution
		HideSolutionNode = FALSE
	EndGlobalSection
	GlobalSection(ExtensibilityGlobals) = postSolution
		SolutionGuid = {6DA68A0A-2A6C-4ACD-9E7C-81C0F6776FDE}
	EndGlobalSection
EndGlobal
